
Microsoft Visual Studio Solution File, Format Version 12.00
# Visual Studio Version 17
VisualStudioVersion = 17.13.35825.156
MinimumVisualStudioVersion = 10.0.40219.1
Project("{FAE04EC0-301F-11D3-BF4B-00C04F79EFBC}") = "a^b konsol uygulaması", "a^b konsol uygulaması\a^b konsol uygulaması.csproj", "{BDBCB541-9320-445A-A56E-20E083444451}"
EndProject
Global
	GlobalSection(SolutionConfigurationPlatforms) = preSolution
		Debug|Any CPU = Debug|Any CPU
		Release|Any CPU = Release|Any CPU
	EndGlobalSection
	GlobalSection(ProjectConfigurationPlatforms) = postSolution
		{BDBCB541-9320-445A-A56E-20E083444451}.Debug|Any CPU.ActiveCfg = Debug|Any CPU
		{BDBCB541-9320-445A-A56E-20E083444451}.Debug|Any CPU.Build.0 = Debug|Any CPU
		{BDBCB541-9320-445A-A56E-20E083444451}.Release|Any CPU.ActiveCfg = Release|Any CPU
		{BDBCB541-9320-445A-A56E-20E083444451}.Release|Any CPU.Build.0 = Release|Any CPU
	EndGlobalSection
	GlobalSection(SolutionProperties) = preSolution
		HideSolutionNode = FALSE
	EndGlobalSection
	GlobalSection(ExtensibilityGlobals) = postSolution
		SolutionGuid = {55133B34-4F0D-47A8-8BA9-86129C07A780}
	EndGlobalSection
EndGlobal
