Microsoft Visual Studio Solution File, Format Version 12.00
# Visual Studio Version 17
VisualStudioVersion = 17.13.35825.156
MinimumVisualStudioVersion = 10.0.40219.1
Project("{FAE04EC0-301F-11D3-BF4B-00C04F79EFBC}") = "Urun propery", "Urun propery\Urun propery.csproj", "{17FA58ED-5156-45D1-BBDB-FA75CEC09421}"
EndProject
Global
	GlobalSection(SolutionConfigurationPlatforms) = preSolution
		Debug|Any CPU = Debug|Any CPU
		Release|Any CPU = Release|Any CPU
	EndGlobalSection
	GlobalSection(ProjectConfigurationPlatforms) = postSolution
		{17FA58ED-5156-45D1-BBDB-FA75CEC09421}.Debug|Any CPU.ActiveCfg = Debug|Any CPU
		{17FA58ED-5156-45D1-BBDB-FA75CEC09421}.Debug|Any CPU.Build.0 = Debug|Any CPU
		{17FA58ED-5156-45D1-BBDB-FA75CEC09421}.Release|Any CPU.ActiveCfg = Release|Any CPU
		{17FA58ED-5156-45D1-BBDB-FA75CEC09421}.Release|Any CPU.Build.0 = Release|Any CPU
	EndGlobalSection
	GlobalSection(SolutionProperties) = preSolution
		HideSolutionNode = FALSE
	EndGlobalSection
	GlobalSection(ExtensibilityGlobals) = postSolution
		SolutionGuid = {5E900D86-6F2F-4172-B87A-57B0469DBAF1}
	EndGlobalSection
EndGlobal
