
Microsoft Visual Studio Solution File, Format Version 12.00
# Visual Studio Version 17
VisualStudioVersion = 17.13.35825.156
MinimumVisualStudioVersion = 10.0.40219.1
Project("{FAE04EC0-301F-11D3-BF4B-00C04F79EFBC}") = "CümledekiÖzelKarakterleriKaldıranUyguama", "CümledekiÖzelKarakterleriKaldıranUyguama\CümledekiÖzelKarakterleriKaldıranUyguama.csproj", "{47EB42C1-FF67-44B2-A12C-CC4672A3D0C5}"
EndProject
Global
	GlobalSection(SolutionConfigurationPlatforms) = preSolution
		Debug|Any CPU = Debug|Any CPU
		Release|Any CPU = Release|Any CPU
	EndGlobalSection
	GlobalSection(ProjectConfigurationPlatforms) = postSolution
		{47EB42C1-FF67-44B2-A12C-CC4672A3D0C5}.Debug|Any CPU.ActiveCfg = Debug|Any CPU
		{47EB42C1-FF67-44B2-A12C-CC4672A3D0C5}.Debug|Any CPU.Build.0 = Debug|Any CPU
		{47EB42C1-FF67-44B2-A12C-CC4672A3D0C5}.Release|Any CPU.ActiveCfg = Release|Any CPU
		{47EB42C1-FF67-44B2-A12C-CC4672A3D0C5}.Release|Any CPU.Build.0 = Release|Any CPU
	EndGlobalSection
	GlobalSection(SolutionProperties) = preSolution
		HideSolutionNode = FALSE
	EndGlobalSection
	GlobalSection(ExtensibilityGlobals) = postSolution
		SolutionGuid = {8DFF0E60-1F3B-4507-9F54-E6D0CC3BECB4}
	EndGlobalSection
EndGlobal
