Microsoft Visual Studio Solution File, Format Version 12.00
# Visual Studio Version 17
VisualStudioVersion = 17.13.35825.156
MinimumVisualStudioVersion = 10.0.40219.1
Project("{FAE04EC0-301F-11D3-BF4B-00C04F79EFBC}") = "Enum Ornek1", "Enum Ornek1\Enum Ornek1.csproj", "{BE219EA6-0D7A-4B24-AA3A-44B2950D99E6}"
EndProject
Global
	GlobalSection(SolutionConfigurationPlatforms) = preSolution
		Debug|Any CPU = Debug|Any CPU
		Release|Any CPU = Release|Any CPU
	EndGlobalSection
	GlobalSection(ProjectConfigurationPlatforms) = postSolution
		{BE219EA6-0D7A-4B24-AA3A-44B2950D99E6}.Debug|Any CPU.ActiveCfg = Debug|Any CPU
		{BE219EA6-0D7A-4B24-AA3A-44B2950D99E6}.Debug|Any CPU.Build.0 = Debug|Any CPU
		{BE219EA6-0D7A-4B24-AA3A-44B2950D99E6}.Release|Any CPU.ActiveCfg = Release|Any CPU
		{BE219EA6-0D7A-4B24-AA3A-44B2950D99E6}.Release|Any CPU.Build.0 = Release|Any CPU
	EndGlobalSection
	GlobalSection(SolutionProperties) = preSolution
		HideSolutionNode = FALSE
	EndGlobalSection
	GlobalSection(ExtensibilityGlobals) = postSolution
		SolutionGuid = {612C3FF1-A346-4685-A1C5-53CFF135ACC9}
	EndGlobalSection
EndGlobal
