Microsoft Visual Studio Solution File, Format Version 12.00
# Visual Studio Version 17
VisualStudioVersion = 17.13.35825.156
MinimumVisualStudioVersion = 10.0.40219.1
Project("{FAE04EC0-301F-11D3-BF4B-00C04F79EFBC}") = "Fatura Sistemi", "Fatura Sistemi\Fatura Sistemi.csproj", "{2BF8EA99-0E0B-42CA-BF47-A2399DC62F6F}"
EndProject
Global
	GlobalSection(SolutionConfigurationPlatforms) = preSolution
		Debug|Any CPU = Debug|Any CPU
		Release|Any CPU = Release|Any CPU
	EndGlobalSection
	GlobalSection(ProjectConfigurationPlatforms) = postSolution
		{2BF8EA99-0E0B-42CA-BF47-A2399DC62F6F}.Debug|Any CPU.ActiveCfg = Debug|Any CPU
		{2BF8EA99-0E0B-42CA-BF47-A2399DC62F6F}.Debug|Any CPU.Build.0 = Debug|Any CPU
		{2BF8EA99-0E0B-42CA-BF47-A2399DC62F6F}.Release|Any CPU.ActiveCfg = Release|Any CPU
		{2BF8EA99-0E0B-42CA-BF47-A2399DC62F6F}.Release|Any CPU.Build.0 = Release|Any CPU
	EndGlobalSection
	GlobalSection(SolutionProperties) = preSolution
		HideSolutionNode = FALSE
	EndGlobalSection
	GlobalSection(ExtensibilityGlobals) = postSolution
		SolutionGuid = {16397A69-AC8B-4192-9789-367D48FFAC81}
	EndGlobalSection
EndGlobal
