
Microsoft Visual Studio Solution File, Format Version 12.00
# Visual Studio Version 17
VisualStudioVersion = 17.13.35825.156
MinimumVisualStudioVersion = 10.0.40219.1
Project("{FAE04EC0-301F-11D3-BF4B-00C04F79EFBC}") = "9mayıs Teori", "9mayıs Teori\9mayıs Teori.csproj", "{6CEA6C67-770D-4835-84D0-CBAC252AFA68}"
EndProject
Global
	GlobalSection(SolutionConfigurationPlatforms) = preSolution
		Debug|Any CPU = Debug|Any CPU
		Release|Any CPU = Release|Any CPU
	EndGlobalSection
	GlobalSection(ProjectConfigurationPlatforms) = postSolution
		{6CEA6C67-770D-4835-84D0-CBAC252AFA68}.Debug|Any CPU.ActiveCfg = Debug|Any CPU
		{6CEA6C67-770D-4835-84D0-CBAC252AFA68}.Debug|Any CPU.Build.0 = Debug|Any CPU
		{6CEA6C67-770D-4835-84D0-CBAC252AFA68}.Release|Any CPU.ActiveCfg = Release|Any CPU
		{6CEA6C67-770D-4835-84D0-CBAC252AFA68}.Release|Any CPU.Build.0 = Release|Any CPU
	EndGlobalSection
	GlobalSection(SolutionProperties) = preSolution
		HideSolutionNode = FALSE
	EndGlobalSection
	GlobalSection(ExtensibilityGlobals) = postSolution
		SolutionGuid = {CEAFA074-5D23-4991-AA6A-8835A9DD1AAC}
	EndGlobalSection
EndGlobal
