
Microsoft Visual Studio Solution File, Format Version 12.00
# Visual Studio Version 17
VisualStudioVersion = 17.13.35825.156
MinimumVisualStudioVersion = 10.0.40219.1
Project("{FAE04EC0-301F-11D3-BF4B-00C04F79EFBC}") = "Soru 3A Günlerin Indexer ile Hesaplanması", "Soru 3A Günlerin Indexer ile Hesaplanması\Soru 3A Günlerin Indexer ile Hesaplanması.csproj", "{3B0BBF49-F0E8-43AD-8451-CD3814500ACA}"
EndProject
Global
	GlobalSection(SolutionConfigurationPlatforms) = preSolution
		Debug|Any CPU = Debug|Any CPU
		Release|Any CPU = Release|Any CPU
	EndGlobalSection
	GlobalSection(ProjectConfigurationPlatforms) = postSolution
		{3B0BBF49-F0E8-43AD-8451-CD3814500ACA}.Debug|Any CPU.ActiveCfg = Debug|Any CPU
		{3B0BBF49-F0E8-43AD-8451-CD3814500ACA}.Debug|Any CPU.Build.0 = Debug|Any CPU
		{3B0BBF49-F0E8-43AD-8451-CD3814500ACA}.Release|Any CPU.ActiveCfg = Release|Any CPU
		{3B0BBF49-F0E8-43AD-8451-CD3814500ACA}.Release|Any CPU.Build.0 = Release|Any CPU
	EndGlobalSection
	GlobalSection(SolutionProperties) = preSolution
		HideSolutionNode = FALSE
	EndGlobalSection
	GlobalSection(ExtensibilityGlobals) = postSolution
		SolutionGuid = {60574359-B3EC-4080-AA86-5D4B5F050735}
	EndGlobalSection
EndGlobal
