
Microsoft Visual Studio Solution File, Format Version 12.00
# Visual Studio Version 17
VisualStudioVersion = 17.13.35825.156
MinimumVisualStudioVersion = 10.0.40219.1
Project("{FAE04EC0-301F-11D3-BF4B-00C04F79EFBC}") = "Mevsim eşleme", "Mevsim eşleme\Mevsim eşleme.csproj", "{C5D14F6E-76A7-4D29-B2BC-4042BBD5A22D}"
EndProject
Global
	GlobalSection(SolutionConfigurationPlatforms) = preSolution
		Debug|Any CPU = Debug|Any CPU
		Release|Any CPU = Release|Any CPU
	EndGlobalSection
	GlobalSection(ProjectConfigurationPlatforms) = postSolution
		{C5D14F6E-76A7-4D29-B2BC-4042BBD5A22D}.Debug|Any CPU.ActiveCfg = Debug|Any CPU
		{C5D14F6E-76A7-4D29-B2BC-4042BBD5A22D}.Debug|Any CPU.Build.0 = Debug|Any CPU
		{C5D14F6E-76A7-4D29-B2BC-4042BBD5A22D}.Release|Any CPU.ActiveCfg = Release|Any CPU
		{C5D14F6E-76A7-4D29-B2BC-4042BBD5A22D}.Release|Any CPU.Build.0 = Release|Any CPU
	EndGlobalSection
	GlobalSection(SolutionProperties) = preSolution
		HideSolutionNode = FALSE
	EndGlobalSection
	GlobalSection(ExtensibilityGlobals) = postSolution
		SolutionGuid = {848F8363-BF49-4F67-977A-3C733A1DADD5}
	EndGlobalSection
EndGlobal
