
Microsoft Visual Studio Solution File, Format Version 12.00
# Visual Studio Version 17
VisualStudioVersion = 17.13.35825.156
MinimumVisualStudioVersion = 10.0.40219.1
Project("{FAE04EC0-301F-11D3-BF4B-00C04F79EFBC}") = "List işlemleri", "List işlemleri\List işlemleri.csproj", "{62B8CE4C-F4FD-4678-9291-C3344FEDDFDE}"
EndProject
Global
	GlobalSection(SolutionConfigurationPlatforms) = preSolution
		Debug|Any CPU = Debug|Any CPU
		Release|Any CPU = Release|Any CPU
	EndGlobalSection
	GlobalSection(ProjectConfigurationPlatforms) = postSolution
		{62B8CE4C-F4FD-4678-9291-C3344FEDDFDE}.Debug|Any CPU.ActiveCfg = Debug|Any CPU
		{62B8CE4C-F4FD-4678-9291-C3344FEDDFDE}.Debug|Any CPU.Build.0 = Debug|Any CPU
		{62B8CE4C-F4FD-4678-9291-C3344FEDDFDE}.Release|Any CPU.ActiveCfg = Release|Any CPU
		{62B8CE4C-F4FD-4678-9291-C3344FEDDFDE}.Release|Any CPU.Build.0 = Release|Any CPU
	EndGlobalSection
	GlobalSection(SolutionProperties) = preSolution
		HideSolutionNode = FALSE
	EndGlobalSection
	GlobalSection(ExtensibilityGlobals) = postSolution
		SolutionGuid = {7F600861-E584-41D7-AC01-3CB46F4C7CAD}
	EndGlobalSection
EndGlobal
