
Microsoft Visual Studio Solution File, Format Version 12.00
# Visual Studio Version 17
VisualStudioVersion = 17.13.35825.156
MinimumVisualStudioVersion = 10.0.40219.1
Project("{FAE04EC0-301F-11D3-BF4B-00C04F79EFBC}") = "ÖğrenciKonsolUygulaması", "ÖğrenciKonsolUygulaması\ÖğrenciKonsolUygulaması.csproj", "{0E4E2D26-7046-459B-8298-36AFB83B6852}"
EndProject
Global
	GlobalSection(SolutionConfigurationPlatforms) = preSolution
		Debug|Any CPU = Debug|Any CPU
		Release|Any CPU = Release|Any CPU
	EndGlobalSection
	GlobalSection(ProjectConfigurationPlatforms) = postSolution
		{0E4E2D26-7046-459B-8298-36AFB83B6852}.Debug|Any CPU.ActiveCfg = Debug|Any CPU
		{0E4E2D26-7046-459B-8298-36AFB83B6852}.Debug|Any CPU.Build.0 = Debug|Any CPU
		{0E4E2D26-7046-459B-8298-36AFB83B6852}.Release|Any CPU.ActiveCfg = Release|Any CPU
		{0E4E2D26-7046-459B-8298-36AFB83B6852}.Release|Any CPU.Build.0 = Release|Any CPU
	EndGlobalSection
	GlobalSection(SolutionProperties) = preSolution
		HideSolutionNode = FALSE
	EndGlobalSection
	GlobalSection(ExtensibilityGlobals) = postSolution
		SolutionGuid = {7EA18A84-09F1-4C7B-AE14-EAC6AD891555}
	EndGlobalSection
EndGlobal
