Microsoft Visual Studio Solution File, Format Version 12.00
# Visual Studio Version 17
VisualStudioVersion = 17.13.35825.156
MinimumVisualStudioVersion = 10.0.40219.1
Project("{FAE04EC0-301F-11D3-BF4B-00C04F79EFBC}") = "binary to decimal", "binary to decimal\binary to decimal.csproj", "{1FED563A-8799-499E-AB9F-7E8E1762294B}"
EndProject
Global
	GlobalSection(SolutionConfigurationPlatforms) = preSolution
		Debug|Any CPU = Debug|Any CPU
		Release|Any CPU = Release|Any CPU
	EndGlobalSection
	GlobalSection(ProjectConfigurationPlatforms) = postSolution
		{1FED563A-8799-499E-AB9F-7E8E1762294B}.Debug|Any CPU.ActiveCfg = Debug|Any CPU
		{1FED563A-8799-499E-AB9F-7E8E1762294B}.Debug|Any CPU.Build.0 = Debug|Any CPU
		{1FED563A-8799-499E-AB9F-7E8E1762294B}.Release|Any CPU.ActiveCfg = Release|Any CPU
		{1FED563A-8799-499E-AB9F-7E8E1762294B}.Release|Any CPU.Build.0 = Release|Any CPU
	EndGlobalSection
	GlobalSection(SolutionProperties) = preSolution
		HideSolutionNode = FALSE
	EndGlobalSection
	GlobalSection(ExtensibilityGlobals) = postSolution
		SolutionGuid = {3A89170E-9C60-4AD5-83B1-1050C32741A9}
	EndGlobalSection
EndGlobal
