
Microsoft Visual Studio Solution File, Format Version 12.00
# Visual Studio Version 17
VisualStudioVersion = 17.13.35825.156
MinimumVisualStudioVersion = 10.0.40219.1
Project("{FAE04EC0-301F-11D3-BF4B-00C04F79EFBC}") = "Fabrika Konsol Uygulaması", "Fabrika Konsol Uygulaması\Fabrika Konsol Uygulaması.csproj", "{6CCF5439-7C14-4192-AF27-041A014E4E56}"
EndProject
Global
	GlobalSection(SolutionConfigurationPlatforms) = preSolution
		Debug|Any CPU = Debug|Any CPU
		Release|Any CPU = Release|Any CPU
	EndGlobalSection
	GlobalSection(ProjectConfigurationPlatforms) = postSolution
		{6CCF5439-7C14-4192-AF27-041A014E4E56}.Debug|Any CPU.ActiveCfg = Debug|Any CPU
		{6CCF5439-7C14-4192-AF27-041A014E4E56}.Debug|Any CPU.Build.0 = Debug|Any CPU
		{6CCF5439-7C14-4192-AF27-041A014E4E56}.Release|Any CPU.ActiveCfg = Release|Any CPU
		{6CCF5439-7C14-4192-AF27-041A014E4E56}.Release|Any CPU.Build.0 = Release|Any CPU
	EndGlobalSection
	GlobalSection(SolutionProperties) = preSolution
		HideSolutionNode = FALSE
	EndGlobalSection
	GlobalSection(ExtensibilityGlobals) = postSolution
		SolutionGuid = {D182F5E4-C2C8-4724-9538-9D1F9A62BDEF}
	EndGlobalSection
EndGlobal
