
Microsoft Visual Studio Solution File, Format Version 12.00
# Visual Studio Version 17
VisualStudioVersion = 17.13.35825.156
MinimumVisualStudioVersion = 10.0.40219.1
Project("{FAE04EC0-301F-11D3-BF4B-00C04F79EFBC}") = "Vize ÖNCESİ1", "Vize ÖNCESİ1\Vize ÖNCESİ1.csproj", "{177BE184-EFE1-4875-9F1F-98E69220D271}"
EndProject
Global
	GlobalSection(SolutionConfigurationPlatforms) = preSolution
		Debug|Any CPU = Debug|Any CPU
		Release|Any CPU = Release|Any CPU
	EndGlobalSection
	GlobalSection(ProjectConfigurationPlatforms) = postSolution
		{177BE184-EFE1-4875-9F1F-98E69220D271}.Debug|Any CPU.ActiveCfg = Debug|Any CPU
		{177BE184-EFE1-4875-9F1F-98E69220D271}.Debug|Any CPU.Build.0 = Debug|Any CPU
		{177BE184-EFE1-4875-9F1F-98E69220D271}.Release|Any CPU.ActiveCfg = Release|Any CPU
		{177BE184-EFE1-4875-9F1F-98E69220D271}.Release|Any CPU.Build.0 = Release|Any CPU
	EndGlobalSection
	GlobalSection(SolutionProperties) = preSolution
		HideSolutionNode = FALSE
	EndGlobalSection
	GlobalSection(ExtensibilityGlobals) = postSolution
		SolutionGuid = {C41CE478-C941-43AE-A5AC-4B9B8306C4A7}
	EndGlobalSection
EndGlobal
