
Microsoft Visual Studio Solution File, Format Version 12.00
# Visual Studio Version 17
VisualStudioVersion = 17.13.35825.156
MinimumVisualStudioVersion = 10.0.40219.1
Project("{FAE04EC0-301F-11D3-BF4B-00C04F79EFBC}") = "Gradview Galeri Uygulması Tekrar", "Gradview Galeri Uygulması Tekrar\Gradview Galeri Uygulması Tekrar.csproj", "{CD6D1058-F79B-4200-8695-73A12D650059}"
EndProject
Global
	GlobalSection(SolutionConfigurationPlatforms) = preSolution
		Debug|Any CPU = Debug|Any CPU
		Release|Any CPU = Release|Any CPU
	EndGlobalSection
	GlobalSection(ProjectConfigurationPlatforms) = postSolution
		{CD6D1058-F79B-4200-8695-73A12D650059}.Debug|Any CPU.ActiveCfg = Debug|Any CPU
		{CD6D1058-F79B-4200-8695-73A12D650059}.Debug|Any CPU.Build.0 = Debug|Any CPU
		{CD6D1058-F79B-4200-8695-73A12D650059}.Release|Any CPU.ActiveCfg = Release|Any CPU
		{CD6D1058-F79B-4200-8695-73A12D650059}.Release|Any CPU.Build.0 = Release|Any CPU
	EndGlobalSection
	GlobalSection(SolutionProperties) = preSolution
		HideSolutionNode = FALSE
	EndGlobalSection
	GlobalSection(ExtensibilityGlobals) = postSolution
		SolutionGuid = {4626A34A-BA88-4B2E-A39F-8458814C0742}
	EndGlobalSection
EndGlobal
