
Microsoft Visual Studio Solution File, Format Version 12.00
# Visual Studio Version 17
VisualStudioVersion = 17.13.35825.156
MinimumVisualStudioVersion = 10.0.40219.1
Project("{FAE04EC0-301F-11D3-BF4B-00C04F79EFBC}") = "İl Trafik Kodu", "İl Trafik Kodu\İl Trafik Kodu.csproj", "{AE56B656-C295-4592-9969-9A8E8F481602}"
EndProject
Global
	GlobalSection(SolutionConfigurationPlatforms) = preSolution
		Debug|Any CPU = Debug|Any CPU
		Release|Any CPU = Release|Any CPU
	EndGlobalSection
	GlobalSection(ProjectConfigurationPlatforms) = postSolution
		{AE56B656-C295-4592-9969-9A8E8F481602}.Debug|Any CPU.ActiveCfg = Debug|Any CPU
		{AE56B656-C295-4592-9969-9A8E8F481602}.Debug|Any CPU.Build.0 = Debug|Any CPU
		{AE56B656-C295-4592-9969-9A8E8F481602}.Release|Any CPU.ActiveCfg = Release|Any CPU
		{AE56B656-C295-4592-9969-9A8E8F481602}.Release|Any CPU.Build.0 = Release|Any CPU
	EndGlobalSection
	GlobalSection(SolutionProperties) = preSolution
		HideSolutionNode = FALSE
	EndGlobalSection
	GlobalSection(ExtensibilityGlobals) = postSolution
		SolutionGuid = {EF59D292-E15F-4505-BD67-AD91AF95DBBA}
	EndGlobalSection
EndGlobal
