
Microsoft Visual Studio Solution File, Format Version 12.00
# Visual Studio Version 17
VisualStudioVersion = 17.13.35825.156
MinimumVisualStudioVersion = 10.0.40219.1
Project("{FAE04EC0-301F-11D3-BF4B-00C04F79EFBC}") = "Dosya İşlemleri", "Dosya İşlemleri\Dosya İşlemleri.csproj", "{858768F3-9885-4917-8EA5-C7B4DA6DA9E6}"
EndProject
Global
	GlobalSection(SolutionConfigurationPlatforms) = preSolution
		Debug|Any CPU = Debug|Any CPU
		Release|Any CPU = Release|Any CPU
	EndGlobalSection
	GlobalSection(ProjectConfigurationPlatforms) = postSolution
		{858768F3-9885-4917-8EA5-C7B4DA6DA9E6}.Debug|Any CPU.ActiveCfg = Debug|Any CPU
		{858768F3-9885-4917-8EA5-C7B4DA6DA9E6}.Debug|Any CPU.Build.0 = Debug|Any CPU
		{858768F3-9885-4917-8EA5-C7B4DA6DA9E6}.Release|Any CPU.ActiveCfg = Release|Any CPU
		{858768F3-9885-4917-8EA5-C7B4DA6DA9E6}.Release|Any CPU.Build.0 = Release|Any CPU
	EndGlobalSection
	GlobalSection(SolutionProperties) = preSolution
		HideSolutionNode = FALSE
	EndGlobalSection
	GlobalSection(ExtensibilityGlobals) = postSolution
		SolutionGuid = {BFAF3A53-FF80-4F68-AE30-16C512EECAE4}
	EndGlobalSection
EndGlobal
