
Microsoft Visual Studio Solution File, Format Version 12.00
# Visual Studio Version 17
VisualStudioVersion = 17.13.35825.156
MinimumVisualStudioVersion = 10.0.40219.1
Project("{FAE04EC0-301F-11D3-BF4B-00C04F79EFBC}") = "Kütüphane Kitap Takibi", "Kütüphane Kitap Takibi\Kütüphane Kitap Takibi.csproj", "{A6DA2795-B794-4FD2-9BB9-501037E32B4A}"
EndProject
Global
	GlobalSection(SolutionConfigurationPlatforms) = preSolution
		Debug|Any CPU = Debug|Any CPU
		Release|Any CPU = Release|Any CPU
	EndGlobalSection
	GlobalSection(ProjectConfigurationPlatforms) = postSolution
		{A6DA2795-B794-4FD2-9BB9-501037E32B4A}.Debug|Any CPU.ActiveCfg = Debug|Any CPU
		{A6DA2795-B794-4FD2-9BB9-501037E32B4A}.Debug|Any CPU.Build.0 = Debug|Any CPU
		{A6DA2795-B794-4FD2-9BB9-501037E32B4A}.Release|Any CPU.ActiveCfg = Release|Any CPU
		{A6DA2795-B794-4FD2-9BB9-501037E32B4A}.Release|Any CPU.Build.0 = Release|Any CPU
	EndGlobalSection
	GlobalSection(SolutionProperties) = preSolution
		HideSolutionNode = FALSE
	EndGlobalSection
	GlobalSection(ExtensibilityGlobals) = postSolution
		SolutionGuid = {6AB8EAC4-9662-4AE4-9F5A-C89F0BE7D723}
	EndGlobalSection
EndGlobal
