
Microsoft Visual Studio Solution File, Format Version 12.00
# Visual Studio Version 17
VisualStudioVersion = 17.13.35825.156
MinimumVisualStudioVersion = 10.0.40219.1
Project("{FAE04EC0-301F-11D3-BF4B-00C04F79EFBC}") = "Halı Firması", "Halı Firması\Halı Firması.csproj", "{BA80B25E-C33A-4388-99A3-FB934CF0262C}"
EndProject
Global
	GlobalSection(SolutionConfigurationPlatforms) = preSolution
		Debug|Any CPU = Debug|Any CPU
		Release|Any CPU = Release|Any CPU
	EndGlobalSection
	GlobalSection(ProjectConfigurationPlatforms) = postSolution
		{BA80B25E-C33A-4388-99A3-FB934CF0262C}.Debug|Any CPU.ActiveCfg = Debug|Any CPU
		{BA80B25E-C33A-4388-99A3-FB934CF0262C}.Debug|Any CPU.Build.0 = Debug|Any CPU
		{BA80B25E-C33A-4388-99A3-FB934CF0262C}.Release|Any CPU.ActiveCfg = Release|Any CPU
		{BA80B25E-C33A-4388-99A3-FB934CF0262C}.Release|Any CPU.Build.0 = Release|Any CPU
	EndGlobalSection
	GlobalSection(SolutionProperties) = preSolution
		HideSolutionNode = FALSE
	EndGlobalSection
	GlobalSection(ExtensibilityGlobals) = postSolution
		SolutionGuid = {D59223BD-3297-4518-A7DC-A7EF2C760305}
	EndGlobalSection
EndGlobal
