
Microsoft Visual Studio Solution File, Format Version 12.00
# Visual Studio Version 17
VisualStudioVersion = 17.13.35825.156
MinimumVisualStudioVersion = 10.0.40219.1
Project("{FAE04EC0-301F-11D3-BF4B-00C04F79EFBC}") = "9mayıs Lab4", "9mayıs Lab4\9mayıs Lab4.csproj", "{63CF0166-F031-47EC-A86A-69175DDDA42D}"
EndProject
Global
	GlobalSection(SolutionConfigurationPlatforms) = preSolution
		Debug|Any CPU = Debug|Any CPU
		Release|Any CPU = Release|Any CPU
	EndGlobalSection
	GlobalSection(ProjectConfigurationPlatforms) = postSolution
		{63CF0166-F031-47EC-A86A-69175DDDA42D}.Debug|Any CPU.ActiveCfg = Debug|Any CPU
		{63CF0166-F031-47EC-A86A-69175DDDA42D}.Debug|Any CPU.Build.0 = Debug|Any CPU
		{63CF0166-F031-47EC-A86A-69175DDDA42D}.Release|Any CPU.ActiveCfg = Release|Any CPU
		{63CF0166-F031-47EC-A86A-69175DDDA42D}.Release|Any CPU.Build.0 = Release|Any CPU
	EndGlobalSection
	GlobalSection(SolutionProperties) = preSolution
		HideSolutionNode = FALSE
	EndGlobalSection
	GlobalSection(ExtensibilityGlobals) = postSolution
		SolutionGuid = {F8F0FF3E-1D1C-4693-BF19-674410647877}
	EndGlobalSection
EndGlobal
