
Microsoft Visual Studio Solution File, Format Version 12.00
# Visual Studio Version 17
VisualStudioVersion = 17.13.35825.156
MinimumVisualStudioVersion = 10.0.40219.1
Project("{FAE04EC0-301F-11D3-BF4B-00C04F79EFBC}") = "OgrenciKonsolUygulaması", "OgrenciKonsolUygulaması\OgrenciKonsolUygulaması.csproj", "{5870C758-40F9-47C2-8466-4D966CA6BAB3}"
EndProject
Global
	GlobalSection(SolutionConfigurationPlatforms) = preSolution
		Debug|Any CPU = Debug|Any CPU
		Release|Any CPU = Release|Any CPU
	EndGlobalSection
	GlobalSection(ProjectConfigurationPlatforms) = postSolution
		{5870C758-40F9-47C2-8466-4D966CA6BAB3}.Debug|Any CPU.ActiveCfg = Debug|Any CPU
		{5870C758-40F9-47C2-8466-4D966CA6BAB3}.Debug|Any CPU.Build.0 = Debug|Any CPU
		{5870C758-40F9-47C2-8466-4D966CA6BAB3}.Release|Any CPU.ActiveCfg = Release|Any CPU
		{5870C758-40F9-47C2-8466-4D966CA6BAB3}.Release|Any CPU.Build.0 = Release|Any CPU
	EndGlobalSection
	GlobalSection(SolutionProperties) = preSolution
		HideSolutionNode = FALSE
	EndGlobalSection
	GlobalSection(ExtensibilityGlobals) = postSolution
		SolutionGuid = {FC15C439-3560-4A6E-B0C2-CB29C0A0CD38}
	EndGlobalSection
EndGlobal
