
Microsoft Visual Studio Solution File, Format Version 12.00
# Visual Studio Version 17
VisualStudioVersion = 17.13.35825.156
MinimumVisualStudioVersion = 10.0.40219.1
Project("{FAE04EC0-301F-11D3-BF4B-00C04F79EFBC}") = "Bir indexleme çalışması", "Bir indexleme çalışması\Bir indexleme çalışması.csproj", "{1F06517E-CFFB-41D6-BD15-8D7A9871D738}"
EndProject
Global
	GlobalSection(SolutionConfigurationPlatforms) = preSolution
		Debug|Any CPU = Debug|Any CPU
		Release|Any CPU = Release|Any CPU
	EndGlobalSection
	GlobalSection(ProjectConfigurationPlatforms) = postSolution
		{1F06517E-CFFB-41D6-BD15-8D7A9871D738}.Debug|Any CPU.ActiveCfg = Debug|Any CPU
		{1F06517E-CFFB-41D6-BD15-8D7A9871D738}.Debug|Any CPU.Build.0 = Debug|Any CPU
		{1F06517E-CFFB-41D6-BD15-8D7A9871D738}.Release|Any CPU.ActiveCfg = Release|Any CPU
		{1F06517E-CFFB-41D6-BD15-8D7A9871D738}.Release|Any CPU.Build.0 = Release|Any CPU
	EndGlobalSection
	GlobalSection(SolutionProperties) = preSolution
		HideSolutionNode = FALSE
	EndGlobalSection
	GlobalSection(ExtensibilityGlobals) = postSolution
		SolutionGuid = {F78ACE52-EE77-4B8F-A84E-6C9250CD54A5}
	EndGlobalSection
EndGlobal
