
Microsoft Visual Studio Solution File, Format Version 12.00
# Visual Studio Version 17
VisualStudioVersion = 17.13.35825.156
MinimumVisualStudioVersion = 10.0.40219.1
Project("{FAE04EC0-301F-11D3-BF4B-00C04F79EFBC}") = "noktalama işaretlerini silen bir form uygulaması", "noktalama işaretlerini silen bir form uygulaması\noktalama işaretlerini silen bir form uygulaması.csproj", "{900FD497-A81A-4C68-AD87-AC51C81D3322}"
EndProject
Global
	GlobalSection(SolutionConfigurationPlatforms) = preSolution
		Debug|Any CPU = Debug|Any CPU
		Release|Any CPU = Release|Any CPU
	EndGlobalSection
	GlobalSection(ProjectConfigurationPlatforms) = postSolution
		{900FD497-A81A-4C68-AD87-AC51C81D3322}.Debug|Any CPU.ActiveCfg = Debug|Any CPU
		{900FD497-A81A-4C68-AD87-AC51C81D3322}.Debug|Any CPU.Build.0 = Debug|Any CPU
		{900FD497-A81A-4C68-AD87-AC51C81D3322}.Release|Any CPU.ActiveCfg = Release|Any CPU
		{900FD497-A81A-4C68-AD87-AC51C81D3322}.Release|Any CPU.Build.0 = Release|Any CPU
	EndGlobalSection
	GlobalSection(SolutionProperties) = preSolution
		HideSolutionNode = FALSE
	EndGlobalSection
	GlobalSection(ExtensibilityGlobals) = postSolution
		SolutionGuid = {A8CC2A7F-40FE-472B-9C0C-F83E0B6C3752}
	EndGlobalSection
EndGlobal
