
Microsoft Visual Studio Solution File, Format Version 12.00
# Visual Studio Version 17
VisualStudioVersion = 17.13.35825.156
MinimumVisualStudioVersion = 10.0.40219.1
Project("{FAE04EC0-301F-11D3-BF4B-00C04F79EFBC}") = "Liste ile string işlemi", "Liste ile string işlemi\Liste ile string işlemi.csproj", "{745DFB7C-8F1A-4B8A-A7B6-98DA4CB139C4}"
EndProject
Global
	GlobalSection(SolutionConfigurationPlatforms) = preSolution
		Debug|Any CPU = Debug|Any CPU
		Release|Any CPU = Release|Any CPU
	EndGlobalSection
	GlobalSection(ProjectConfigurationPlatforms) = postSolution
		{745DFB7C-8F1A-4B8A-A7B6-98DA4CB139C4}.Debug|Any CPU.ActiveCfg = Debug|Any CPU
		{745DFB7C-8F1A-4B8A-A7B6-98DA4CB139C4}.Debug|Any CPU.Build.0 = Debug|Any CPU
		{745DFB7C-8F1A-4B8A-A7B6-98DA4CB139C4}.Release|Any CPU.ActiveCfg = Release|Any CPU
		{745DFB7C-8F1A-4B8A-A7B6-98DA4CB139C4}.Release|Any CPU.Build.0 = Release|Any CPU
	EndGlobalSection
	GlobalSection(SolutionProperties) = preSolution
		HideSolutionNode = FALSE
	EndGlobalSection
	GlobalSection(ExtensibilityGlobals) = postSolution
		SolutionGuid = {A393BB72-E961-4846-8EA0-B0DBDF25FE1E}
	EndGlobalSection
EndGlobal
