
Microsoft Visual Studio Solution File, Format Version 12.00
# Visual Studio Version 17
VisualStudioVersion = 17.13.35825.156
MinimumVisualStudioVersion = 10.0.40219.1
Project("{FAE04EC0-301F-11D3-BF4B-00C04F79EFBC}") = "Renk Kodu Eşleştirme", "Renk Kodu Eşleştirme\Renk Kodu Eşleştirme.csproj", "{1B143210-69F2-4241-A126-DF01AEC41972}"
EndProject
Global
	GlobalSection(SolutionConfigurationPlatforms) = preSolution
		Debug|Any CPU = Debug|Any CPU
		Release|Any CPU = Release|Any CPU
	EndGlobalSection
	GlobalSection(ProjectConfigurationPlatforms) = postSolution
		{1B143210-69F2-4241-A126-DF01AEC41972}.Debug|Any CPU.ActiveCfg = Debug|Any CPU
		{1B143210-69F2-4241-A126-DF01AEC41972}.Debug|Any CPU.Build.0 = Debug|Any CPU
		{1B143210-69F2-4241-A126-DF01AEC41972}.Release|Any CPU.ActiveCfg = Release|Any CPU
		{1B143210-69F2-4241-A126-DF01AEC41972}.Release|Any CPU.Build.0 = Release|Any CPU
	EndGlobalSection
	GlobalSection(SolutionProperties) = preSolution
		HideSolutionNode = FALSE
	EndGlobalSection
	GlobalSection(ExtensibilityGlobals) = postSolution
		SolutionGuid = {984A2DFB-DD6A-4EEA-9A75-23C4939B2E0B}
	EndGlobalSection
EndGlobal
