Microsoft Visual Studio Solution File, Format Version 12.00
# Visual Studio Version 17
VisualStudioVersion = 17.13.35825.156
MinimumVisualStudioVersion = 10.0.40219.1
Project("{FAE04EC0-301F-11D3-BF4B-00C04F79EFBC}") = "vize24.1", "vize24.1\vize24.1.csproj", "{FD54C671-56E1-4DC0-9AFA-F3DA9F72B5A6}"
EndProject
Global
	GlobalSection(SolutionConfigurationPlatforms) = preSolution
		Debug|Any CPU = Debug|Any CPU
		Release|Any CPU = Release|Any CPU
	EndGlobalSection
	GlobalSection(ProjectConfigurationPlatforms) = postSolution
		{FD54C671-56E1-4DC0-9AFA-F3DA9F72B5A6}.Debug|Any CPU.ActiveCfg = Debug|Any CPU
		{FD54C671-56E1-4DC0-9AFA-F3DA9F72B5A6}.Debug|Any CPU.Build.0 = Debug|Any CPU
		{FD54C671-56E1-4DC0-9AFA-F3DA9F72B5A6}.Release|Any CPU.ActiveCfg = Release|Any CPU
		{FD54C671-56E1-4DC0-9AFA-F3DA9F72B5A6}.Release|Any CPU.Build.0 = Release|Any CPU
	EndGlobalSection
	GlobalSection(SolutionProperties) = preSolution
		HideSolutionNode = FALSE
	EndGlobalSection
	GlobalSection(ExtensibilityGlobals) = postSolution
		SolutionGuid = {B29EA295-CD62-4D9F-B7E9-4C8B64193067}
	EndGlobalSection
EndGlobal
