Microsoft Visual Studio Solution File, Format Version 12.00
# Visual Studio Version 17
VisualStudioVersion = 17.13.35825.156
MinimumVisualStudioVersion = 10.0.40219.1
Project("{FAE04EC0-301F-11D3-BF4B-00C04F79EFBC}") = "kitap indexleme", "kitap indexleme\kitap indexleme.csproj", "{741B1C08-1E0F-4C31-817C-944AE1C2CA47}"
EndProject
Global
	GlobalSection(SolutionConfigurationPlatforms) = preSolution
		Debug|Any CPU = Debug|Any CPU
		Release|Any CPU = Release|Any CPU
	EndGlobalSection
	GlobalSection(ProjectConfigurationPlatforms) = postSolution
		{741B1C08-1E0F-4C31-817C-944AE1C2CA47}.Debug|Any CPU.ActiveCfg = Debug|Any CPU
		{741B1C08-1E0F-4C31-817C-944AE1C2CA47}.Debug|Any CPU.Build.0 = Debug|Any CPU
		{741B1C08-1E0F-4C31-817C-944AE1C2CA47}.Release|Any CPU.ActiveCfg = Release|Any CPU
		{741B1C08-1E0F-4C31-817C-944AE1C2CA47}.Release|Any CPU.Build.0 = Release|Any CPU
	EndGlobalSection
	GlobalSection(SolutionProperties) = preSolution
		HideSolutionNode = FALSE
	EndGlobalSection
	GlobalSection(ExtensibilityGlobals) = postSolution
		SolutionGuid = {94329644-A7D3-43CE-989C-B4DB38B0E314}
	EndGlobalSection
EndGlobal
