Microsoft Visual Studio Solution File, Format Version 12.00
# Visual Studio Version 17
VisualStudioVersion = 17.13.35825.156
MinimumVisualStudioVersion = 10.0.40219.1
Project("{FAE04EC0-301F-11D3-BF4B-00C04F79EFBC}") = "Arac property", "Arac property\Arac property.csproj", "{7E444A63-15FC-4D0C-B390-5BF6674F4934}"
EndProject
Global
	GlobalSection(SolutionConfigurationPlatforms) = preSolution
		Debug|Any CPU = Debug|Any CPU
		Release|Any CPU = Release|Any CPU
	EndGlobalSection
	GlobalSection(ProjectConfigurationPlatforms) = postSolution
		{7E444A63-15FC-4D0C-B390-5BF6674F4934}.Debug|Any CPU.ActiveCfg = Debug|Any CPU
		{7E444A63-15FC-4D0C-B390-5BF6674F4934}.Debug|Any CPU.Build.0 = Debug|Any CPU
		{7E444A63-15FC-4D0C-B390-5BF6674F4934}.Release|Any CPU.ActiveCfg = Release|Any CPU
		{7E444A63-15FC-4D0C-B390-5BF6674F4934}.Release|Any CPU.Build.0 = Release|Any CPU
	EndGlobalSection
	GlobalSection(SolutionProperties) = preSolution
		HideSolutionNode = FALSE
	EndGlobalSection
	GlobalSection(ExtensibilityGlobals) = postSolution
		SolutionGuid = {C2A320D3-2190-48C1-A314-FAE06FD155FF}
	EndGlobalSection
EndGlobal
