
Microsoft Visual Studio Solution File, Format Version 12.00
# Visual Studio Version 17
VisualStudioVersion = 17.13.35825.156
MinimumVisualStudioVersion = 10.0.40219.1
Project("{FAE04EC0-301F-11D3-BF4B-00C04F79EFBC}") = "9 Mayıs", "9 Mayıs\9 Mayıs.csproj", "{76B44607-186E-4ABA-B68B-E87EC95F89EA}"
EndProject
Global
	GlobalSection(SolutionConfigurationPlatforms) = preSolution
		Debug|Any CPU = Debug|Any CPU
		Release|Any CPU = Release|Any CPU
	EndGlobalSection
	GlobalSection(ProjectConfigurationPlatforms) = postSolution
		{76B44607-186E-4ABA-B68B-E87EC95F89EA}.Debug|Any CPU.ActiveCfg = Debug|Any CPU
		{76B44607-186E-4ABA-B68B-E87EC95F89EA}.Debug|Any CPU.Build.0 = Debug|Any CPU
		{76B44607-186E-4ABA-B68B-E87EC95F89EA}.Release|Any CPU.ActiveCfg = Release|Any CPU
		{76B44607-186E-4ABA-B68B-E87EC95F89EA}.Release|Any CPU.Build.0 = Release|Any CPU
	EndGlobalSection
	GlobalSection(SolutionProperties) = preSolution
		HideSolutionNode = FALSE
	EndGlobalSection
	GlobalSection(ExtensibilityGlobals) = postSolution
		SolutionGuid = {AE849D4C-D236-49B4-94AB-911FE6615DCE}
	EndGlobalSection
EndGlobal
