
Microsoft Visual Studio Solution File, Format Version 12.00
# Visual Studio Version 17
VisualStudioVersion = 17.13.35825.156
MinimumVisualStudioVersion = 10.0.40219.1
Project("{FAE04EC0-301F-11D3-BF4B-00C04F79EFBC}") = "günler Enum", "günler Enum\günler Enum.csproj", "{20166B5E-1270-4982-A640-3C2F592EE9B3}"
EndProject
Global
	GlobalSection(SolutionConfigurationPlatforms) = preSolution
		Debug|Any CPU = Debug|Any CPU
		Release|Any CPU = Release|Any CPU
	EndGlobalSection
	GlobalSection(ProjectConfigurationPlatforms) = postSolution
		{20166B5E-1270-4982-A640-3C2F592EE9B3}.Debug|Any CPU.ActiveCfg = Debug|Any CPU
		{20166B5E-1270-4982-A640-3C2F592EE9B3}.Debug|Any CPU.Build.0 = Debug|Any CPU
		{20166B5E-1270-4982-A640-3C2F592EE9B3}.Release|Any CPU.ActiveCfg = Release|Any CPU
		{20166B5E-1270-4982-A640-3C2F592EE9B3}.Release|Any CPU.Build.0 = Release|Any CPU
	EndGlobalSection
	GlobalSection(SolutionProperties) = preSolution
		HideSolutionNode = FALSE
	EndGlobalSection
	GlobalSection(ExtensibilityGlobals) = postSolution
		SolutionGuid = {990C61E9-862F-4A70-A9CF-9D1D043104B8}
	EndGlobalSection
EndGlobal
