
Microsoft Visual Studio Solution File, Format Version 12.00
# Visual Studio Version 17
VisualStudioVersion = 17.13.35825.156
MinimumVisualStudioVersion = 10.0.40219.1
Project("{FAE04EC0-301F-11D3-BF4B-00C04F79EFBC}") = "2 Mayıs teori2", "2 Mayıs teori2\2 Mayıs teori2.csproj", "{0BE152A5-1713-4628-9F18-A32858C6CF82}"
EndProject
Global
	GlobalSection(SolutionConfigurationPlatforms) = preSolution
		Debug|Any CPU = Debug|Any CPU
		Release|Any CPU = Release|Any CPU
	EndGlobalSection
	GlobalSection(ProjectConfigurationPlatforms) = postSolution
		{0BE152A5-1713-4628-9F18-A32858C6CF82}.Debug|Any CPU.ActiveCfg = Debug|Any CPU
		{0BE152A5-1713-4628-9F18-A32858C6CF82}.Debug|Any CPU.Build.0 = Debug|Any CPU
		{0BE152A5-1713-4628-9F18-A32858C6CF82}.Release|Any CPU.ActiveCfg = Release|Any CPU
		{0BE152A5-1713-4628-9F18-A32858C6CF82}.Release|Any CPU.Build.0 = Release|Any CPU
	EndGlobalSection
	GlobalSection(SolutionProperties) = preSolution
		HideSolutionNode = FALSE
	EndGlobalSection
	GlobalSection(ExtensibilityGlobals) = postSolution
		SolutionGuid = {1646B128-334E-4CD3-9F75-CA1D829D38E8}
	EndGlobalSection
EndGlobal
