
Microsoft Visual Studio Solution File, Format Version 12.00
# Visual Studio Version 17
VisualStudioVersion = 17.13.35825.156
MinimumVisualStudioVersion = 10.0.40219.1
Project("{FAE04EC0-301F-11D3-BF4B-00C04F79EFBC}") = "SayıToplamı", "SayıToplamı\SayıToplamı.csproj", "{DC73E7BA-8226-4B0B-8EF2-0315D5E85BAC}"
EndProject
Global
	GlobalSection(SolutionConfigurationPlatforms) = preSolution
		Debug|Any CPU = Debug|Any CPU
		Release|Any CPU = Release|Any CPU
	EndGlobalSection
	GlobalSection(ProjectConfigurationPlatforms) = postSolution
		{DC73E7BA-8226-4B0B-8EF2-0315D5E85BAC}.Debug|Any CPU.ActiveCfg = Debug|Any CPU
		{DC73E7BA-8226-4B0B-8EF2-0315D5E85BAC}.Debug|Any CPU.Build.0 = Debug|Any CPU
		{DC73E7BA-8226-4B0B-8EF2-0315D5E85BAC}.Release|Any CPU.ActiveCfg = Release|Any CPU
		{DC73E7BA-8226-4B0B-8EF2-0315D5E85BAC}.Release|Any CPU.Build.0 = Release|Any CPU
	EndGlobalSection
	GlobalSection(SolutionProperties) = preSolution
		HideSolutionNode = FALSE
	EndGlobalSection
	GlobalSection(ExtensibilityGlobals) = postSolution
		SolutionGuid = {B6C68AA5-C4CC-414D-8D21-AA4CB4F567F7}
	EndGlobalSection
EndGlobal
