Microsoft Visual Studio Solution File, Format Version 12.00
# Visual Studio Version 17
VisualStudioVersion = 17.13.35825.156
MinimumVisualStudioVersion = 10.0.40219.1
Project("{FAE04EC0-301F-11D3-BF4B-00C04F79EFBC}") = "OgrenciNotSistemi", "OgrenciNotSistemi\OgrenciNotSistemi.csproj", "{6844552A-CC4D-415B-B98C-4B33C4E84C8F}"
EndProject
Global
	GlobalSection(SolutionConfigurationPlatforms) = preSolution
		Debug|Any CPU = Debug|Any CPU
		Release|Any CPU = Release|Any CPU
	EndGlobalSection
	GlobalSection(ProjectConfigurationPlatforms) = postSolution
		{6844552A-CC4D-415B-B98C-4B33C4E84C8F}.Debug|Any CPU.ActiveCfg = Debug|Any CPU
		{6844552A-CC4D-415B-B98C-4B33C4E84C8F}.Debug|Any CPU.Build.0 = Debug|Any CPU
		{6844552A-CC4D-415B-B98C-4B33C4E84C8F}.Release|Any CPU.ActiveCfg = Release|Any CPU
		{6844552A-CC4D-415B-B98C-4B33C4E84C8F}.Release|Any CPU.Build.0 = Release|Any CPU
	EndGlobalSection
	GlobalSection(SolutionProperties) = preSolution
		HideSolutionNode = FALSE
	EndGlobalSection
	GlobalSection(ExtensibilityGlobals) = postSolution
		SolutionGuid = {0419FE5F-F43E-4BDA-870F-B5B701497EF9}
	EndGlobalSection
EndGlobal
