
Microsoft Visual Studio Solution File, Format Version 12.00
# Visual Studio Version 17
VisualStudioVersion = 17.13.35825.156
MinimumVisualStudioVersion = 10.0.40219.1
Project("{FAE04EC0-301F-11D3-BF4B-00C04F79EFBC}") = "Bankacılık uygulaması Tekrar", "Bankacılık uygulaması Tekrar\Bankacılık uygulaması Tekrar.csproj", "{0F5E740C-7108-4EC2-83AC-9B1CD5B2AB50}"
EndProject
Global
	GlobalSection(SolutionConfigurationPlatforms) = preSolution
		Debug|Any CPU = Debug|Any CPU
		Release|Any CPU = Release|Any CPU
	EndGlobalSection
	GlobalSection(ProjectConfigurationPlatforms) = postSolution
		{0F5E740C-7108-4EC2-83AC-9B1CD5B2AB50}.Debug|Any CPU.ActiveCfg = Debug|Any CPU
		{0F5E740C-7108-4EC2-83AC-9B1CD5B2AB50}.Debug|Any CPU.Build.0 = Debug|Any CPU
		{0F5E740C-7108-4EC2-83AC-9B1CD5B2AB50}.Release|Any CPU.ActiveCfg = Release|Any CPU
		{0F5E740C-7108-4EC2-83AC-9B1CD5B2AB50}.Release|Any CPU.Build.0 = Release|Any CPU
	EndGlobalSection
	GlobalSection(SolutionProperties) = preSolution
		HideSolutionNode = FALSE
	EndGlobalSection
	GlobalSection(ExtensibilityGlobals) = postSolution
		SolutionGuid = {7709C40F-BB9B-4610-9892-760979E315CF}
	EndGlobalSection
EndGlobal
